<?xml version="1.0" encoding="utf-8"?>
<Project ToolsVersion="4.0" xmlns="http://schemas.microsoft.com/developer/msbuild/2003">
  <ItemGroup>
    <Filter Include="Source Files">
      <UniqueIdentifier>{4FC737F1-C7A5-4376-A066-2A32D752A2FF}</UniqueIdentifier>
      <Extensions>cpp;c;cc;cxx;c++;cppm;ixx;def;odl;idl;hpj;bat;asm;asmx</Extensions>
    </Filter>
    <Filter Include="Header Files">
      <UniqueIdentifier>{93995380-89BD-4b04-88EB-625FBE52EBFB}</UniqueIdentifier>
      <Extensions>h;hh;hpp;hxx;h++;hm;inl;inc;ipp;xsd</Extensions>
    </Filter>
    <Filter Include="Resource Files">
      <UniqueIdentifier>{67DA6AB6-F800-4c08-8B7A-83BB121AAD01}</UniqueIdentifier>
      <Extensions>rc;ico;cur;bmp;dlg;rc2;rct;bin;rgs;gif;jpg;jpeg;jpe;resx;tiff;tif;png;wav;mfcribbon-ms</Extensions>
    </Filter>
    <Filter Include="Shaders">
      <UniqueIdentifier>{47f7a0cf-18e2-4b84-952a-ee929509b576}</UniqueIdentifier>
    </Filter>
  </ItemGroup>
  <ItemGroup>
    <ClCompile Include="main.cpp">
      <Filter>Source Files</Filter>
    </ClCompile>
    <ClCompile Include="_ECS\GameObject.cpp">
      <Filter>Source Files</Filter>
    </ClCompile>
    <ClCompile Include="_graphics\_vulkan\Allocator.cpp">
      <Filter>Source Files</Filter>
    </ClCompile>
    <ClCompile Include="_graphics\_vulkan\Buffer.cpp">
      <Filter>Source Files</Filter>
    </ClCompile>
    <ClCompile Include="_graphics\_vulkan\CommandBuffer.cpp">
      <Filter>Source Files</Filter>
    </ClCompile>
    <ClCompile Include="_graphics\_vulkan\CommandPool.cpp">
      <Filter>Source Files</Filter>
    </ClCompile>
    <ClCompile Include="_graphics\_vulkan\DebugUtilsMessenger.cpp">
      <Filter>Source Files</Filter>
    </ClCompile>
    <ClCompile Include="_graphics\_vulkan\Device.cpp">
      <Filter>Source Files</Filter>
    </ClCompile>
    <ClCompile Include="_graphics\_vulkan\Fence.cpp">
      <Filter>Source Files</Filter>
    </ClCompile>
    <ClCompile Include="_graphics\_vulkan\Frame.cpp">
      <Filter>Source Files</Filter>
    </ClCompile>
    <ClCompile Include="_graphics\_vulkan\VulkanHandler.cpp">
      <Filter>Source Files</Filter>
    </ClCompile>
    <ClCompile Include="_graphics\_vulkan\Image.cpp">
      <Filter>Source Files</Filter>
    </ClCompile>
    <ClCompile Include="_graphics\_vulkan\ImmediateSubmit.cpp">
      <Filter>Source Files</Filter>
    </ClCompile>
    <ClCompile Include="_graphics\_vulkan\Instance.cpp">
      <Filter>Source Files</Filter>
    </ClCompile>
    <ClCompile Include="_graphics\_vulkan\PhysicalDevice.cpp">
      <Filter>Source Files</Filter>
    </ClCompile>
    <ClCompile Include="_graphics\_vulkan\Queue.cpp">
      <Filter>Source Files</Filter>
    </ClCompile>
    <ClCompile Include="_graphics\_vulkan\Semaphore.cpp">
      <Filter>Source Files</Filter>
    </ClCompile>
    <ClCompile Include="_graphics\_vulkan\Shader.cpp">
      <Filter>Source Files</Filter>
    </ClCompile>
    <ClCompile Include="_graphics\_vulkan\Swapchain.cpp">
      <Filter>Source Files</Filter>
    </ClCompile>
    <ClCompile Include="_graphics\_vulkan\VulkanUtils.cpp">
      <Filter>Source Files</Filter>
    </ClCompile>
    <ClCompile Include="_graphics\Window.cpp">
      <Filter>Source Files</Filter>
    </ClCompile>
    <ClCompile Include="_utils\FunctionQueue.cpp">
      <Filter>Source Files</Filter>
    </ClCompile>
    <ClCompile Include="_events\EventHandler.cpp">
      <Filter>Source Files</Filter>
    </ClCompile>
    <ClCompile Include="_ECS\Components\Transform.cpp">
      <Filter>Source Files</Filter>
    </ClCompile>
    <ClCompile Include="_ECS\Components\Camera.cpp">
      <Filter>Source Files</Filter>
    </ClCompile>
    <ClCompile Include="_ECS\World.cpp">
      <Filter>Source Files</Filter>
    </ClCompile>
    <ClCompile Include="_graphics\_vulkan\Pipeline.cpp">
      <Filter>Source Files</Filter>
    </ClCompile>
    <ClCompile Include="_resources\Mesh.cpp">
      <Filter>Source Files</Filter>
    </ClCompile>
    <ClCompile Include="_graphics\_vulkan\GraphicsPipeline.cpp">
      <Filter>Source Files</Filter>
    </ClCompile>
    <ClCompile Include="_resources\Material.cpp">
      <Filter>Source Files</Filter>
    </ClCompile>
    <ClCompile Include="_ECS\Components\MeshRenderer.cpp">
      <Filter>Source Files</Filter>
    </ClCompile>
    <ClCompile Include="_graphics\_vulkan\DescriptorPool.cpp">
      <Filter>Source Files</Filter>
    </ClCompile>
    <ClCompile Include="_utils\Time.cpp">
      <Filter>Source Files</Filter>
    </ClCompile>
    <ClCompile Include="_ECS\Components\PlayerController.cpp">
      <Filter>Source Files</Filter>
    </ClCompile>
    <ClCompile Include="_inputs\InputHandler.cpp">
      <Filter>Source Files</Filter>
    </ClCompile>
    <ClCompile Include="_graphics\_vulkan\Sampler.cpp">
      <Filter>Source Files</Filter>
    </ClCompile>
    <ClCompile Include="_graphics\_vulkan\DescriptorSetLayout.cpp">
      <Filter>Source Files</Filter>
    </ClCompile>
    <ClCompile Include="_graphics\_vulkan\DescriptorSet.cpp">
      <Filter>Source Files</Filter>
    </ClCompile>
    <ClCompile Include="_ECS\Components\DirectionArrows.cpp">
      <Filter>Source Files</Filter>
    </ClCompile>
  </ItemGroup>
  <ItemGroup>
    <ClInclude Include="_resources\Mesh.h">
      <Filter>Header Files</Filter>
    </ClInclude>
    <ClInclude Include="_audio\AudioHandler.h">
      <Filter>Header Files</Filter>
    </ClInclude>
    <ClInclude Include="_ECS\GameObject.h">
      <Filter>Header Files</Filter>
    </ClInclude>
    <ClInclude Include="_graphics\Window.h">
      <Filter>Header Files</Filter>
    </ClInclude>
    <ClInclude Include="_graphics\_vulkan\Allocator.h">
      <Filter>Header Files</Filter>
    </ClInclude>
    <ClInclude Include="_graphics\_vulkan\Buffer.h">
      <Filter>Header Files</Filter>
    </ClInclude>
    <ClInclude Include="_graphics\_vulkan\CommandBuffer.h">
      <Filter>Header Files</Filter>
    </ClInclude>
    <ClInclude Include="_graphics\_vulkan\CommandPool.h">
      <Filter>Header Files</Filter>
    </ClInclude>
    <ClInclude Include="_graphics\_vulkan\DebugUtilsMessenger.h">
      <Filter>Header Files</Filter>
    </ClInclude>
    <ClInclude Include="_graphics\_vulkan\Device.h">
      <Filter>Header Files</Filter>
    </ClInclude>
    <ClInclude Include="_graphics\_vulkan\Fence.h">
      <Filter>Header Files</Filter>
    </ClInclude>
    <ClInclude Include="_graphics\_vulkan\Frame.h">
      <Filter>Header Files</Filter>
    </ClInclude>
    <ClInclude Include="_graphics\_vulkan\VulkanHandler.h">
      <Filter>Header Files</Filter>
    </ClInclude>
    <ClInclude Include="_graphics\_vulkan\Image.h">
      <Filter>Header Files</Filter>
    </ClInclude>
    <ClInclude Include="_graphics\_vulkan\ImmediateSubmit.h">
      <Filter>Header Files</Filter>
    </ClInclude>
    <ClInclude Include="_graphics\_vulkan\Instance.h">
      <Filter>Header Files</Filter>
    </ClInclude>
    <ClInclude Include="_graphics\_vulkan\PhysicalDevice.h">
      <Filter>Header Files</Filter>
    </ClInclude>
    <ClInclude Include="_graphics\_vulkan\Queue.h">
      <Filter>Header Files</Filter>
    </ClInclude>
    <ClInclude Include="_graphics\_vulkan\Semaphore.h">
      <Filter>Header Files</Filter>
    </ClInclude>
    <ClInclude Include="_graphics\_vulkan\Shader.h">
      <Filter>Header Files</Filter>
    </ClInclude>
    <ClInclude Include="_graphics\_vulkan\Swapchain.h">
      <Filter>Header Files</Filter>
    </ClInclude>
    <ClInclude Include="_graphics\_vulkan\VulkanUtils.h">
      <Filter>Header Files</Filter>
    </ClInclude>
    <ClInclude Include="_inputs\InputHandler.h">
      <Filter>Header Files</Filter>
    </ClInclude>
    <ClInclude Include="_utils\Utils.h">
      <Filter>Header Files</Filter>
    </ClInclude>
    <ClInclude Include="_utils\FunctionQueue.h">
      <Filter>Header Files</Filter>
    </ClInclude>
    <ClInclude Include="_events\EventHandler.h">
      <Filter>Header Files</Filter>
    </ClInclude>
    <ClInclude Include="_ECS\Components\BaseComponent.h">
      <Filter>Header Files</Filter>
    </ClInclude>
    <ClInclude Include="_ECS\Components\Transform.h">
      <Filter>Header Files</Filter>
    </ClInclude>
    <ClInclude Include="_ECS\Components\Camera.h">
      <Filter>Header Files</Filter>
    </ClInclude>
    <ClInclude Include="_utils\Math.h">
      <Filter>Header Files</Filter>
    </ClInclude>
    <ClInclude Include="_ECS\Components\MeshRenderer.h">
      <Filter>Header Files</Filter>
    </ClInclude>
    <ClInclude Include="_ECS\World.h">
      <Filter>Header Files</Filter>
    </ClInclude>
    <ClInclude Include="_ECS\ECS.h">
      <Filter>Header Files</Filter>
    </ClInclude>
    <ClInclude Include="_graphics\_vulkan\GraphicsPipeline.h">
      <Filter>Header Files</Filter>
    </ClInclude>
    <ClInclude Include="_graphics\_vulkan\Pipeline.h">
      <Filter>Header Files</Filter>
    </ClInclude>
    <ClInclude Include="_resources\Material.h">
      <Filter>Header Files</Filter>
    </ClInclude>
    <ClInclude Include="_graphics\_vulkan\DescriptorPool.h">
      <Filter>Header Files</Filter>
    </ClInclude>
    <ClInclude Include="_utils\Time.h">
      <Filter>Header Files</Filter>
    </ClInclude>
    <ClInclude Include="_ECS\Components\PlayerController.h">
      <Filter>Header Files</Filter>
    </ClInclude>
    <ClInclude Include="_graphics\_vulkan\Sampler.h">
      <Filter>Header Files</Filter>
    </ClInclude>
    <ClInclude Include="_graphics\_vulkan\DescriptorSetLayout.h">
      <Filter>Header Files</Filter>
    </ClInclude>
    <ClInclude Include="_graphics\_vulkan\DescriptorSet.h">
      <Filter>Header Files</Filter>
    </ClInclude>
    <ClInclude Include="_ECS\Components\DirectionArrows.h">
      <Filter>Header Files</Filter>
    </ClInclude>
    <ClInclude Include="_ECS\Components\Light.h">
      <Filter>Header Files</Filter>
    </ClInclude>
  </ItemGroup>
  <ItemGroup>
    <None Include="resources\shaders\uncompiled\rayChitShader.rchit">
      <Filter>Shaders</Filter>
    </None>
    <None Include="resources\shaders\uncompiled\rayGenShader.rgen">
      <Filter>Shaders</Filter>
    </None>
    <None Include="resources\shaders\uncompiled\rayMissShader.rmiss">
      <Filter>Shaders</Filter>
    </None>
    <None Include="resources\shaders\uncompiled\gradientComputeShader.comp" />
    <None Include="resources\shaders\uncompiled\PBR_material.frag" />
    <None Include="resources\shaders\uncompiled\PBR_material.vert" />
    <None Include="resources\shaders\uncompiled\color_material.vert" />
    <None Include="resources\shaders\uncompiled\color_material.frag" />
  </ItemGroup>
</Project>